Microsoft Visual Studio Solution File, Format Version 12.00
# Visual Studio 2013
VisualStudioVersion = 12.0.21005.1
MinimumVisualStudioVersion = 10.0.40219.1
Project("{8BC9CEB8-8B4A-11D0-8D11-00A0C91BC942}") = "libcommon", "common\win\libcommon.vcxproj", "{2527A8E7-17F6-4A37-A7EC-6C2D53F26819}"
EndProject
Project("{8BC9CEB8-8B4A-11D0-8D11-00A0C91BC942}") = "libvmcaclient", "client\win\libvmcaclient.vcxproj", "{A46B6B17-B804-4FB4-A7CF-56B7196B33E5}"
EndProject
Project("{8BC9CEB8-8B4A-11D0-8D11-00A0C91BC942}") = "libvmcadb", "vmcadb\win\libvmcadb.vcxproj", "{9E612219-E2CB-424B-919F-850B3239714B}"
EndProject
Project("{8BC9CEB8-8B4A-11D0-8D11-00A0C91BC942}") = "certool", "certool\win\certool.vcxproj", "{31E383D9-3CE2-434A-8D88-2BED6EBE55BA}"
EndProject
Project("{8BC9CEB8-8B4A-11D0-8D11-00A0C91BC942}") = "vmcad", "service\win\vmcad.vcxproj", "{05A56077-22B3-4DAD-BDD1-27E6C6C73D12}"
EndProject
Project("{8BC9CEB8-8B4A-11D0-8D11-00A0C91BC942}") = "vmca", "python\win\vmca_python.vcxproj", "{FCEDBC63-DA97-4F6C-8522-650813D7681B}"
EndProject
Project("{8BC9CEB8-8B4A-11D0-8D11-00A0C91BC942}") = "Idl", "idl\win\Idl.vcxproj", "{446DAC92-7F09-4412-A252-A73E83E916C1}"
EndProject
Project("{8BC9CEB8-8B4A-11D0-8D11-00A0C91BC942}") = "version", "version\win\version.vcxproj", "{07080B1C-2A38-11E3-8065-000C294915DD}"
EndProject
Global
    GlobalSection(SolutionConfigurationPlatforms) = preSolution
        Debug|x64 = Debug|x64
        Release|x64 = Release|x64
    EndGlobalSection
    GlobalSection(ProjectConfigurationPlatforms) = postSolution
        {2527A8E7-17F6-4A37-A7EC-6C2D53F26819}.Debug|x64.ActiveCfg = Debug|x64
        {2527A8E7-17F6-4A37-A7EC-6C2D53F26819}.Debug|x64.Build.0 = Debug|x64
        {2527A8E7-17F6-4A37-A7EC-6C2D53F26819}.Release|x64.ActiveCfg = Release|x64
        {2527A8E7-17F6-4A37-A7EC-6C2D53F26819}.Release|x64.Build.0 = Release|x64
        {A46B6B17-B804-4FB4-A7CF-56B7196B33E5}.Debug|x64.ActiveCfg = Debug|x64
        {A46B6B17-B804-4FB4-A7CF-56B7196B33E5}.Debug|x64.Build.0 = Debug|x64
        {A46B6B17-B804-4FB4-A7CF-56B7196B33E5}.Release|x64.ActiveCfg = Release|x64
        {A46B6B17-B804-4FB4-A7CF-56B7196B33E5}.Release|x64.Build.0 = Release|x64
        {9E612219-E2CB-424B-919F-850B3239714B}.Debug|x64.ActiveCfg = Debug|x64
        {9E612219-E2CB-424B-919F-850B3239714B}.Debug|x64.Build.0 = Debug|x64
        {9E612219-E2CB-424B-919F-850B3239714B}.Release|x64.ActiveCfg = Release|x64
        {9E612219-E2CB-424B-919F-850B3239714B}.Release|x64.Build.0 = Release|x64
        {31E383D9-3CE2-434A-8D88-2BED6EBE55BA}.Debug|x64.ActiveCfg = Debug|x64
        {31E383D9-3CE2-434A-8D88-2BED6EBE55BA}.Debug|x64.Build.0 = Debug|x64
        {31E383D9-3CE2-434A-8D88-2BED6EBE55BA}.Release|x64.ActiveCfg = Release|x64
        {31E383D9-3CE2-434A-8D88-2BED6EBE55BA}.Release|x64.Build.0 = Release|x64
        {05A56077-22B3-4DAD-BDD1-27E6C6C73D12}.Debug|x64.ActiveCfg = Debug|x64
        {05A56077-22B3-4DAD-BDD1-27E6C6C73D12}.Debug|x64.Build.0 = Debug|x64
        {05A56077-22B3-4DAD-BDD1-27E6C6C73D12}.Release|x64.ActiveCfg = Release|x64
        {05A56077-22B3-4DAD-BDD1-27E6C6C73D12}.Release|x64.Build.0 = Release|x64
        {FCEDBC63-DA97-4F6C-8522-650813D7681B}.Debug|x64.ActiveCfg = Debug|x64
        {FCEDBC63-DA97-4F6C-8522-650813D7681B}.Debug|x64.Build.0 = Debug|x64
        {FCEDBC63-DA97-4F6C-8522-650813D7681B}.Release|x64.ActiveCfg = Release|x64
        {FCEDBC63-DA97-4F6C-8522-650813D7681B}.Release|x64.Build.0 = Release|x64
        {446DAC92-7F09-4412-A252-A73E83E916C1}.Debug|x64.ActiveCfg = Debug|x64
        {446DAC92-7F09-4412-A252-A73E83E916C1}.Debug|x64.Build.0 = Debug|x64
        {446DAC92-7F09-4412-A252-A73E83E916C1}.Release|x64.ActiveCfg = Release|x64
        {446DAC92-7F09-4412-A252-A73E83E916C1}.Release|x64.Build.0 = Release|x64
        {07080B1C-2A38-11E3-8065-000C294915DD}.Debug|x64.ActiveCfg = Debug|x64
        {07080B1C-2A38-11E3-8065-000C294915DD}.Debug|x64.Build.0 = Debug|x64
        {07080B1C-2A38-11E3-8065-000C294915DD}.Release|x64.ActiveCfg = Release|x64
        {07080B1C-2A38-11E3-8065-000C294915DD}.Release|x64.Build.0 = Release|x64
    EndGlobalSection
    GlobalSection(SolutionProperties) = preSolution
        HideSolutionNode = FALSE
    EndGlobalSection
EndGlobal
