
Microsoft Visual Studio Solution File, Format Version 12.00
# Visual Studio 2012
Project("{FAE04EC0-301F-11D3-BF4B-00C04F79EFBC}") = "Lightwave SSO", "VMRestSsoSnapIn\Lightwave SSO.csproj", "{F9F43273-6CF1-41A3-AEC5-B9DB5C666E26}"
EndProject
Project("{FAE04EC0-301F-11D3-BF4B-00C04F79EFBC}") = "RestSsoAdminSnapIn.Core", "..\..\common\VMRestSso.Common\RestSsoAdminSnapIn.Core\RestSsoAdminSnapIn.Core.csproj", "{B64D4A16-C162-4FCD-943A-AEB556769D3C}"
EndProject
Project("{FAE04EC0-301F-11D3-BF4B-00C04F79EFBC}") = "RestSsoAdminSnapIn.Data", "..\..\common\VMRestSso.Common\RestSsoAdminSnapIn.Data\RestSsoAdminSnapIn.Data.csproj", "{36F56669-93E2-4647-8230-31B5E02F5BEA}"
EndProject
Project("{FAE04EC0-301F-11D3-BF4B-00C04F79EFBC}") = "RestSsoAdminSnapIn.Dto", "..\..\common\VMRestSso.Common\RestSsoAdminSnapIn.Dto\RestSsoAdminSnapIn.Dto.csproj", "{F826B9EF-3AE2-4186-8D57-BCE8A72EA0B4}"
EndProject
Project("{FAE04EC0-301F-11D3-BF4B-00C04F79EFBC}") = "RestSsoAdminSnapIn.Service", "..\..\common\VMRestSso.Common\RestSsoAdminSnapIn.Service\RestSsoAdminSnapIn.Service.csproj", "{CDA5E15B-2F8D-4FE4-86C5-36B614A2E069}"
EndProject
Project("{FAE04EC0-301F-11D3-BF4B-00C04F79EFBC}") = "VMIdentity.CommonUtils", "..\..\common\VMIdentity.CommonUtils\VMIdentity.CommonUtils.csproj", "{CD959E2E-5B9C-4329-B085-352844CFDCDD}"
EndProject
Project("{FAE04EC0-301F-11D3-BF4B-00C04F79EFBC}") = "VmIdentity.UI.Common", "..\VmIdentity.UI.Common\VmIdentity.UI.Common.csproj", "{35037B87-3B35-40FA-A9D3-7974DCDDABB5}"
EndProject
Global
	GlobalSection(SolutionConfigurationPlatforms) = preSolution
		Debug|Any CPU = Debug|Any CPU
		Release|Any CPU = Release|Any CPU
		Debug|x64 = Debug|x64
		Release|x64 = Release|x64
	EndGlobalSection
	GlobalSection(ProjectConfigurationPlatforms) = postSolution
		{35037B87-3B35-40FA-A9D3-7974DCDDABB5}.Debug|Any CPU.ActiveCfg = Debug|Any CPU
		{35037B87-3B35-40FA-A9D3-7974DCDDABB5}.Debug|Any CPU.Build.0 = Debug|Any CPU
		{35037B87-3B35-40FA-A9D3-7974DCDDABB5}.Debug|x64.ActiveCfg = Debug|Any CPU
		{35037B87-3B35-40FA-A9D3-7974DCDDABB5}.Debug|x64.Build.0 = Debug|Any CPU
		{35037B87-3B35-40FA-A9D3-7974DCDDABB5}.Release|Any CPU.ActiveCfg = Release|Any CPU
		{35037B87-3B35-40FA-A9D3-7974DCDDABB5}.Release|Any CPU.Build.0 = Release|Any CPU
		{35037B87-3B35-40FA-A9D3-7974DCDDABB5}.Release|x64.ActiveCfg = Release|Any CPU
		{35037B87-3B35-40FA-A9D3-7974DCDDABB5}.Release|x64.Build.0 = Release|Any CPU
		{36F56669-93E2-4647-8230-31B5E02F5BEA}.Debug|Any CPU.ActiveCfg = Debug|Any CPU
		{36F56669-93E2-4647-8230-31B5E02F5BEA}.Debug|Any CPU.Build.0 = Debug|Any CPU
		{36F56669-93E2-4647-8230-31B5E02F5BEA}.Debug|x64.ActiveCfg = Debug|x64
		{36F56669-93E2-4647-8230-31B5E02F5BEA}.Debug|x64.Build.0 = Debug|x64
		{36F56669-93E2-4647-8230-31B5E02F5BEA}.Release|Any CPU.ActiveCfg = Release|Any CPU
		{36F56669-93E2-4647-8230-31B5E02F5BEA}.Release|Any CPU.Build.0 = Release|Any CPU
		{36F56669-93E2-4647-8230-31B5E02F5BEA}.Release|x64.ActiveCfg = Release|x64
		{36F56669-93E2-4647-8230-31B5E02F5BEA}.Release|x64.Build.0 = Release|x64
		{B64D4A16-C162-4FCD-943A-AEB556769D3C}.Debug|Any CPU.ActiveCfg = Debug|Any CPU
		{B64D4A16-C162-4FCD-943A-AEB556769D3C}.Debug|Any CPU.Build.0 = Debug|Any CPU
		{B64D4A16-C162-4FCD-943A-AEB556769D3C}.Debug|x64.ActiveCfg = Debug|x64
		{B64D4A16-C162-4FCD-943A-AEB556769D3C}.Debug|x64.Build.0 = Debug|x64
		{B64D4A16-C162-4FCD-943A-AEB556769D3C}.Release|Any CPU.ActiveCfg = Release|Any CPU
		{B64D4A16-C162-4FCD-943A-AEB556769D3C}.Release|Any CPU.Build.0 = Release|Any CPU
		{B64D4A16-C162-4FCD-943A-AEB556769D3C}.Release|x64.ActiveCfg = Release|x64
		{B64D4A16-C162-4FCD-943A-AEB556769D3C}.Release|x64.Build.0 = Release|x64
		{CD959E2E-5B9C-4329-B085-352844CFDCDD}.Debug|Any CPU.ActiveCfg = Debug|Any CPU
		{CD959E2E-5B9C-4329-B085-352844CFDCDD}.Debug|Any CPU.Build.0 = Debug|Any CPU
		{CD959E2E-5B9C-4329-B085-352844CFDCDD}.Debug|x64.ActiveCfg = Debug|x64
		{CD959E2E-5B9C-4329-B085-352844CFDCDD}.Debug|x64.Build.0 = Debug|x64
		{CD959E2E-5B9C-4329-B085-352844CFDCDD}.Release|Any CPU.ActiveCfg = Release|Any CPU
		{CD959E2E-5B9C-4329-B085-352844CFDCDD}.Release|Any CPU.Build.0 = Release|Any CPU
		{CD959E2E-5B9C-4329-B085-352844CFDCDD}.Release|x64.ActiveCfg = Release|x64
		{CD959E2E-5B9C-4329-B085-352844CFDCDD}.Release|x64.Build.0 = Release|x64
		{CDA5E15B-2F8D-4FE4-86C5-36B614A2E069}.Debug|Any CPU.ActiveCfg = Debug|Any CPU
		{CDA5E15B-2F8D-4FE4-86C5-36B614A2E069}.Debug|Any CPU.Build.0 = Debug|Any CPU
		{CDA5E15B-2F8D-4FE4-86C5-36B614A2E069}.Debug|x64.ActiveCfg = Debug|x64
		{CDA5E15B-2F8D-4FE4-86C5-36B614A2E069}.Debug|x64.Build.0 = Debug|x64
		{CDA5E15B-2F8D-4FE4-86C5-36B614A2E069}.Release|Any CPU.ActiveCfg = Release|Any CPU
		{CDA5E15B-2F8D-4FE4-86C5-36B614A2E069}.Release|Any CPU.Build.0 = Release|Any CPU
		{CDA5E15B-2F8D-4FE4-86C5-36B614A2E069}.Release|x64.ActiveCfg = Release|x64
		{CDA5E15B-2F8D-4FE4-86C5-36B614A2E069}.Release|x64.Build.0 = Release|x64
		{F826B9EF-3AE2-4186-8D57-BCE8A72EA0B4}.Debug|Any CPU.ActiveCfg = Debug|Any CPU
		{F826B9EF-3AE2-4186-8D57-BCE8A72EA0B4}.Debug|Any CPU.Build.0 = Debug|Any CPU
		{F826B9EF-3AE2-4186-8D57-BCE8A72EA0B4}.Debug|x64.ActiveCfg = Debug|x64
		{F826B9EF-3AE2-4186-8D57-BCE8A72EA0B4}.Debug|x64.Build.0 = Debug|x64
		{F826B9EF-3AE2-4186-8D57-BCE8A72EA0B4}.Release|Any CPU.ActiveCfg = Release|Any CPU
		{F826B9EF-3AE2-4186-8D57-BCE8A72EA0B4}.Release|Any CPU.Build.0 = Release|Any CPU
		{F826B9EF-3AE2-4186-8D57-BCE8A72EA0B4}.Release|x64.ActiveCfg = Release|x64
		{F826B9EF-3AE2-4186-8D57-BCE8A72EA0B4}.Release|x64.Build.0 = Release|x64
		{F9F43273-6CF1-41A3-AEC5-B9DB5C666E26}.Debug|Any CPU.ActiveCfg = Debug|Any CPU
		{F9F43273-6CF1-41A3-AEC5-B9DB5C666E26}.Debug|Any CPU.Build.0 = Debug|Any CPU
		{F9F43273-6CF1-41A3-AEC5-B9DB5C666E26}.Debug|x64.ActiveCfg = Debug|Any CPU
		{F9F43273-6CF1-41A3-AEC5-B9DB5C666E26}.Debug|x64.Build.0 = Debug|Any CPU
		{F9F43273-6CF1-41A3-AEC5-B9DB5C666E26}.Release|Any CPU.ActiveCfg = Release|Any CPU
		{F9F43273-6CF1-41A3-AEC5-B9DB5C666E26}.Release|Any CPU.Build.0 = Release|Any CPU
		{F9F43273-6CF1-41A3-AEC5-B9DB5C666E26}.Release|x64.ActiveCfg = Release|Any CPU
		{F9F43273-6CF1-41A3-AEC5-B9DB5C666E26}.Release|x64.Build.0 = Release|Any CPU
	EndGlobalSection
	GlobalSection(MonoDevelopProperties) = preSolution
		outputpath = ..\x64\Release
	EndGlobalSection
EndGlobal
