<?xml version="1.0" encoding="utf-8"?>
<Project ToolsVersion="4.0" xmlns="http://schemas.microsoft.com/developer/msbuild/2003">
  <ItemGroup>
    <Filter Include="Source Files">
      <UniqueIdentifier>{315E25B1-0990-4877-8B39-B27B33ACB49C}</UniqueIdentifier>
      <Extensions>cpp;c;cc;cxx;def;odl;idl;hpj;bat;asm;asmx</Extensions>
    </Filter>
    <Filter Include="Header Files">
      <UniqueIdentifier>{5D31B0AB-EBE4-4DE1-9583-BE788E766373}</UniqueIdentifier>
      <Extensions>h;hpp;hxx;hm;inl;inc;xsd</Extensions>
    </Filter>
    <Filter Include="Resource Files">
      <UniqueIdentifier>{28890472-4A47-4178-924C-6630789CFFA3}</UniqueIdentifier>
      <Extensions>rc;ico;cur;bmp;dlg;rc2;rct;bin;rgs;gif;jpg;jpeg;jpe;resx;tiff;tif;png;wav</Extensions>
    </Filter>
  </ItemGroup>
  <ItemGroup>
    <ClCompile Include="..\gssapi_alloc.c">
      <Filter>Source Files</Filter>
    </ClCompile>
    <ClCompile Include="..\ntlm_accept_sec_ctx.c">
      <Filter>Source Files</Filter>
    </ClCompile>
    <ClCompile Include="..\ntlm_acquire_cred.c">
      <Filter>Source Files</Filter>
    </ClCompile>
    <ClCompile Include="..\ntlm_del_sec_ctx.c">
      <Filter>Source Files</Filter>
    </ClCompile>
    <ClCompile Include="..\ntlm_disp_name.c">
      <Filter>Source Files</Filter>
    </ClCompile>
    <ClCompile Include="..\ntlm_encrypt.c">
      <Filter>Source Files</Filter>
    </ClCompile>
    <ClCompile Include="..\ntlm_init_sec_ctx.c">
      <Filter>Source Files</Filter>
    </ClCompile>
    <ClCompile Include="..\ntlm_mech.c">
      <Filter>Source Files</Filter>
    </ClCompile>
    <ClCompile Include="..\ntlm_release_cred.c">
      <Filter>Source Files</Filter>
    </ClCompile>
    <ClCompile Include="..\ntlm_unwrap_iov.c">
      <Filter>Source Files</Filter>
    </ClCompile>
    <ClCompile Include="..\ntlm_util.c">
      <Filter>Source Files</Filter>
    </ClCompile>
    <ClCompile Include="..\ntlm_wrap_iov.c">
      <Filter>Source Files</Filter>
    </ClCompile>
  </ItemGroup>
  <ItemGroup>
    <None Include="libgssapi_ntlm.def">
      <Filter>Source Files</Filter>
    </None>
  </ItemGroup>
  <ItemGroup>
    <ClInclude Include="..\gssapi_ntlm.h">
      <Filter>Header Files</Filter>
    </ClInclude>
    <ClInclude Include="..\gssapiP_ntlm.h">
      <Filter>Header Files</Filter>
    </ClInclude>
    <ClInclude Include="..\ntlm_encrypt.h">
      <Filter>Header Files</Filter>
    </ClInclude>
    <ClInclude Include="..\ntlm_mglueP.h">
      <Filter>Header Files</Filter>
    </ClInclude>
  </ItemGroup>
  <ItemGroup>
    <ResourceCompile Include="libgssapi_ntlm.rc">
      <Filter>Resource Files</Filter>
    </ResourceCompile>
  </ItemGroup>
</Project>