
Microsoft Visual Studio Solution File, Format Version 11.00
# Visual Studio 2010
Project("{FAE04EC0-301F-11D3-BF4B-00C04F79EFBC}") = "VMDir.Common", "VMDir.Common.csproj", "{76109B16-B0AE-47EB-8545-EB135EB92E2A}"
EndProject
Global
	GlobalSection(SolutionConfigurationPlatforms) = preSolution
		Debug|Any CPU = Debug|Any CPU
		Release|Any CPU = Release|Any CPU
	EndGlobalSection
	GlobalSection(ProjectConfigurationPlatforms) = postSolution
		{76109B16-B0AE-47EB-8545-EB135EB92E2A}.Debug|Any CPU.ActiveCfg = Debug|Any CPU
		{76109B16-B0AE-47EB-8545-EB135EB92E2A}.Debug|Any CPU.Build.0 = Debug|Any CPU
		{76109B16-B0AE-47EB-8545-EB135EB92E2A}.Release|Any CPU.ActiveCfg = Release|Any CPU
		{76109B16-B0AE-47EB-8545-EB135EB92E2A}.Release|Any CPU.Build.0 = Release|Any CPU
	EndGlobalSection
EndGlobal
