<?xml version="1.0" encoding="utf-8"?>
<Project ToolsVersion="4.0" xmlns="http://schemas.microsoft.com/developer/msbuild/2003">
  <ItemGroup>
    <Filter Include="Source Files">
      <UniqueIdentifier>{4FC737F1-C7A5-4376-A066-2A32D752A2FF}</UniqueIdentifier>
      <Extensions>cpp;c;cc;cxx;def;odl;idl;hpj;bat;asm;asmx</Extensions>
    </Filter>
    <Filter Include="Header Files">
      <UniqueIdentifier>{93995380-89BD-4b04-88EB-625FBE52EBFB}</UniqueIdentifier>
      <Extensions>h;hpp;hxx;hm;inl;inc;xsd</Extensions>
    </Filter>
    <Filter Include="Resource Files">
      <UniqueIdentifier>{67DA6AB6-F800-4c08-8B7A-83BB121AAD01}</UniqueIdentifier>
      <Extensions>rc;ico;cur;bmp;dlg;rc2;rct;bin;rgs;gif;jpg;jpeg;jpe;resx;tiff;tif;png;wav</Extensions>
    </Filter>
  </ItemGroup>
  <ItemGroup>
    <ClCompile Include="ad.c">
      <Filter>Source Files</Filter>
    </ClCompile>
    <ClCompile Include="..\authservice.c">
      <Filter>Source Files</Filter>
    </ClCompile>
    <ClCompile Include="..\authutil.c">
      <Filter>Source Files</Filter>
    </ClCompile>
    <ClCompile Include="..\cdcservice.c">
      <Filter>Source Files</Filter>
    </ClCompile>
    <ClCompile Include="..\cdcstatemachine.c">
      <Filter>Source Files</Filter>
    </ClCompile>
    <ClCompile Include="..\cdcthread.c">
      <Filter>Source Files</Filter>
    </ClCompile>
    <ClCompile Include="..\cdcupdate.c">
      <Filter>Source Files</Filter>
    </ClCompile>
    <ClCompile Include="..\certutil.c">
      <Filter>Source Files</Filter>
    </ClCompile>
    <ClCompile Include="..\circularbuffer.c">
      <Filter>Source Files</Filter>
    </ClCompile>
    <ClCompile Include="..\config.c">
      <Filter>Source Files</Filter>
    </ClCompile>
    <ClCompile Include="..\dcfinder.c">
      <Filter>Source Files</Filter>
    </ClCompile>
    <ClCompile Include="..\ddns.c">
      <Filter>Source Files</Filter>
    </ClCompile>
    <ClCompile Include="..\ddnspackets.c">
      <Filter>Source Files</Filter>
    </ClCompile>
    <ClCompile Include="..\dns.c">
      <Filter>Source Files</Filter>
    </ClCompile>
    <ClCompile Include="..\globals.c">
      <Filter>Source Files</Filter>
    </ClCompile>
    <ClCompile Include="..\heartbeat.c">
      <Filter>Source Files</Filter>
    </ClCompile>
    <ClCompile Include="includes.c">
      <Filter>Source Files</Filter>
    </ClCompile>
    <ClCompile Include="..\init.c">
      <Filter>Source Files</Filter>
    </ClCompile>
    <ClCompile Include="..\ipcapihandler.c">
      <Filter>Source Files</Filter>
    </ClCompile>
    <ClCompile Include="..\ipclocalapi.c">
      <Filter>Source Files</Filter>
    </ClCompile>
    <ClCompile Include="..\ipcmarshalhelper.c">
      <Filter>Source Files</Filter>
    </ClCompile>
    <ClCompile Include="ipcserver.c">
      <Filter>Source Files</Filter>
    </ClCompile>
    <ClCompile Include="..\krbconfig.c">
      <Filter>Source Files</Filter>
    </ClCompile>
    <ClCompile Include="..\ldap.c">
      <Filter>Source Files</Filter>
    </ClCompile>
    <ClCompile Include="main.c">
      <Filter>Source Files</Filter>
    </ClCompile>
    <ClCompile Include="..\parseargs.c">
      <Filter>Source Files</Filter>
    </ClCompile>
    <ClCompile Include="..\passrefresh.c">
      <Filter>Source Files</Filter>
    </ClCompile>
    <ClCompile Include="..\regconfig.c">
      <Filter>Source Files</Filter>
    </ClCompile>
    <ClCompile Include="..\rootfetch.c">
      <Filter>Source Files</Filter>
    </ClCompile>
    <ClCompile Include="..\rpc.c">
      <Filter>Source Files</Filter>
    </ClCompile>
    <ClCompile Include="..\rpcserv.c">
      <Filter>Source Files</Filter>
    </ClCompile>
    <ClCompile Include="..\rpcserv60.c">
      <Filter>Source Files</Filter>
    </ClCompile>
    <ClCompile Include="..\service.c">
      <Filter>Source Files</Filter>
    </ClCompile>
    <ClCompile Include="..\shutdown.c">
      <Filter>Source Files</Filter>
    </ClCompile>
    <ClCompile Include="..\sourceip.c">
      <Filter>Source Files</Filter>
    </ClCompile>
    <ClCompile Include="..\signal.c">
      <Filter>Source Files</Filter>
    </ClCompile>
    <ClCompile Include="..\storehash_util.c">
      <Filter>Source Files</Filter>
    </ClCompile>
    <ClCompile Include="..\superlogging.c">
      <Filter>Source Files</Filter>
    </ClCompile>
    <ClCompile Include="..\utils.c">
      <Filter>Source Files</Filter>
    </ClCompile>
    <ClCompile Include="..\vecsserviceapi.c">
      <Filter>Source Files</Filter>
    </ClCompile>
    <ClCompile Include="vmafd_stub.c">
      <Filter>Source Files</Filter>
    </ClCompile>
    <ClCompile Include="vmafd_stub_legacy.c">
      <Filter>Source Files</Filter>
    </ClCompile>
    <ClCompile Include="vmafdsuperlog_stub.c">
      <Filter>Source Files</Filter>
    </ClCompile>
    <ClCompile Include="..\vmdir.c">
      <Filter>Source Files</Filter>
    </ClCompile>
  </ItemGroup>
  <ItemGroup>
    <ClInclude Include="..\defines.h">
      <Filter>Header Files</Filter>
    </ClInclude>
    <ClInclude Include="..\directory.h">
      <Filter>Header Files</Filter>
    </ClInclude>
    <ClInclude Include="..\externs.h">
      <Filter>Header Files</Filter>
    </ClInclude>
    <ClInclude Include="..\includes.h">
      <Filter>Header Files</Filter>
    </ClInclude>
    <ClInclude Include="..\logging.h">
      <Filter>Header Files</Filter>
    </ClInclude>
    <ClInclude Include="..\prototypes.h">
      <Filter>Header Files</Filter>
    </ClInclude>
    <ClInclude Include="..\structs.h">
      <Filter>Header Files</Filter>
    </ClInclude>
    <ClInclude Include="..\vmsuperlogging.h">
      <Filter>Header Files</Filter>
    </ClInclude>
  </ItemGroup>
  <ItemGroup>
    <ResourceCompile Include="vmafdd.rc">
      <Filter>Resource Files</Filter>
    </ResourceCompile>
  </ItemGroup>
</Project>