
Microsoft Visual Studio Solution File, Format Version 12.00
# Visual Studio 2012
Project("{FAE04EC0-301F-11D3-BF4B-00C04F79EFBC}") = "VMDNSTestApp", "VMDNSTestApp.csproj", "{A8D03411-B11F-4ED9-A066-8EF82354F725}"
EndProject
Project("{FAE04EC0-301F-11D3-BF4B-00C04F79EFBC}") = "VMDNS.Client", "..\..\..\..\vmdns\dotnet\VMDNS.Client\VMDNS.Client.csproj", "{D3148DC3-142E-4BBE-A45C-569BF360C2AE}"
EndProject
Global
	GlobalSection(SolutionConfigurationPlatforms) = preSolution
		Debug|Any CPU = Debug|Any CPU
		Release|Any CPU = Release|Any CPU
	EndGlobalSection
	GlobalSection(ProjectConfigurationPlatforms) = postSolution
		{A8D03411-B11F-4ED9-A066-8EF82354F725}.Debug|Any CPU.ActiveCfg = Debug|Any CPU
		{A8D03411-B11F-4ED9-A066-8EF82354F725}.Debug|Any CPU.Build.0 = Debug|Any CPU
		{A8D03411-B11F-4ED9-A066-8EF82354F725}.Release|Any CPU.ActiveCfg = Release|Any CPU
		{A8D03411-B11F-4ED9-A066-8EF82354F725}.Release|Any CPU.Build.0 = Release|Any CPU
		{D3148DC3-142E-4BBE-A45C-569BF360C2AE}.Debug|Any CPU.ActiveCfg = Debug|Any CPU
		{D3148DC3-142E-4BBE-A45C-569BF360C2AE}.Debug|Any CPU.Build.0 = Debug|Any CPU
		{D3148DC3-142E-4BBE-A45C-569BF360C2AE}.Release|Any CPU.ActiveCfg = Release|Any CPU
		{D3148DC3-142E-4BBE-A45C-569BF360C2AE}.Release|Any CPU.Build.0 = Release|Any CPU
	EndGlobalSection
EndGlobal
