<?xml version="1.0" encoding="utf-8"?>
<Project ToolsVersion="4.0" xmlns="http://schemas.microsoft.com/developer/msbuild/2003">
  <ItemGroup>
    <Filter Include="Source Files">
      <UniqueIdentifier>{4FC737F1-C7A5-4376-A066-2A32D752A2FF}</UniqueIdentifier>
      <Extensions>cpp;c;cc;cxx;def;odl;idl;hpj;bat;asm;asmx</Extensions>
    </Filter>
    <Filter Include="Header Files">
      <UniqueIdentifier>{93995380-89BD-4b04-88EB-625FBE52EBFB}</UniqueIdentifier>
      <Extensions>h;hpp;hxx;hm;inl;inc;xsd</Extensions>
    </Filter>
    <Filter Include="Resource Files">
      <UniqueIdentifier>{67DA6AB6-F800-4c08-8B7A-83BB121AAD01}</UniqueIdentifier>
      <Extensions>rc;ico;cur;bmp;dlg;rc2;rct;bin;rgs;gif;jpg;jpeg;jpe;resx;tiff;tif;png;wav</Extensions>
    </Filter>
  </ItemGroup>
  <ItemGroup>
    <ClCompile Include="..\add.c">
      <Filter>Source Files</Filter>
    </ClCompile>
    <ClCompile Include="..\bind.c">
      <Filter>Source Files</Filter>
    </ClCompile>
    <ClCompile Include="..\computedattribute.c">
      <Filter>Source Files</Filter>
    </ClCompile>
    <ClCompile Include="..\delete.c">
      <Filter>Source Files</Filter>
    </ClCompile>
    <ClCompile Include="..\dn.c">
      <Filter>Source Files</Filter>
    </ClCompile>
    <ClCompile Include="..\globals.c">
      <Filter>Source Files</Filter>
    </ClCompile>
    <ClCompile Include="..\group.c">
      <Filter>Source Files</Filter>
    </ClCompile>
    <ClCompile Include="..\index.c">
      <Filter>Source Files</Filter>
    </ClCompile>
    <ClCompile Include="..\krb.c">
      <Filter>Source Files</Filter>
    </ClCompile>
    <ClCompile Include="..\libmain.c">
      <Filter>Source Files</Filter>
    </ClCompile>
    <ClCompile Include="..\lockoutpolicy.c">
      <Filter>Source Files</Filter>
    </ClCompile>
    <ClCompile Include="..\modify.c">
      <Filter>Source Files</Filter>
    </ClCompile>
    <ClCompile Include="..\password.c">
      <Filter>Source Files</Filter>
    </ClCompile>
    <ClCompile Include="..\plugin.c">
      <Filter>Source Files</Filter>
    </ClCompile>
    <ClCompile Include="..\pscache.c">
      <Filter>Source Files</Filter>
    </ClCompile>
    <ClCompile Include="..\sasl.c">
      <Filter>Source Files</Filter>
    </ClCompile>
    <ClCompile Include="..\saslsockbuf.c">
      <Filter>Source Files</Filter>
    </ClCompile>
    <ClCompile Include="..\search.c">
      <Filter>Source Files</Filter>
    </ClCompile>
    <ClCompile Include="..\specialsearch.c">
      <Filter>Source Files</Filter>
    </ClCompile>
    <ClCompile Include="..\srputil.c">
      <Filter>Source Files</Filter>
    </ClCompile>
    <ClCompile Include="..\util.c">
      <Filter>Source Files</Filter>
    </ClCompile>
  </ItemGroup>
  <ItemGroup>
    <ClInclude Include="..\defines.h">
      <Filter>Header Files</Filter>
    </ClInclude>
    <ClInclude Include="..\externs.h">
      <Filter>Header Files</Filter>
    </ClInclude>
    <ClInclude Include="..\includes.h">
      <Filter>Header Files</Filter>
    </ClInclude>
    <ClInclude Include="..\ml.h">
      <Filter>Header Files</Filter>
    </ClInclude>
    <ClInclude Include="..\structs.h">
      <Filter>Header Files</Filter>
    </ClInclude>
  </ItemGroup>
</Project>
