<?xml version="1.0" encoding="utf-8"?>
<Project ToolsVersion="4.0" xmlns="http://schemas.microsoft.com/developer/msbuild/2003">
  <ItemGroup>
    <Filter Include="Source Files">
      <UniqueIdentifier>{4FC737F1-C7A5-4376-A066-2A32D752A2FF}</UniqueIdentifier>
      <Extensions>cpp;c;cc;cxx;def;odl;idl;hpj;bat;asm;asmx</Extensions>
    </Filter>
    <Filter Include="Header Files">
      <UniqueIdentifier>{93995380-89BD-4b04-88EB-625FBE52EBFB}</UniqueIdentifier>
      <Extensions>h;hpp;hxx;hm;inl;inc;xsd</Extensions>
    </Filter>
    <Filter Include="Resource Files">
      <UniqueIdentifier>{67DA6AB6-F800-4c08-8B7A-83BB121AAD01}</UniqueIdentifier>
      <Extensions>rc;ico;cur;bmp;dlg;rc2;rct;bin;rgs;gif;jpg;jpeg;jpe;resx;tiff;tif;png;wav</Extensions>
    </Filter>
  </ItemGroup>
  <ItemGroup>
    <ClCompile Include="src\assertion_consumer_service_array_data.c">
      <Filter>Source Files</Filter>
    </ClCompile>
    <ClCompile Include="src\assertion_consumer_service_data.c">
      <Filter>Source Files</Filter>
    </ClCompile>
    <ClCompile Include="src\attribute_array_data.c">
      <Filter>Source Files</Filter>
    </ClCompile>
    <ClCompile Include="src\attribute_consumer_service_array_data.c">
      <Filter>Source Files</Filter>
    </ClCompile>
    <ClCompile Include="src\attribute_consumer_service_data.c">
      <Filter>Source Files</Filter>
    </ClCompile>
    <ClCompile Include="src\attribute_data.c">
      <Filter>Source Files</Filter>
    </ClCompile>
    <ClCompile Include="src\authentication_policy_data.c">
      <Filter>Source Files</Filter>
    </ClCompile>
    <ClCompile Include="src\brand_policy_data.c">
      <Filter>Source Files</Filter>
    </ClCompile>
    <ClCompile Include="src\certificate_chain_array_data.c">
      <Filter>Source Files</Filter>
    </ClCompile>
    <ClCompile Include="src\certificate_chain_data.c">
      <Filter>Source Files</Filter>
    </ClCompile>
    <ClCompile Include="src\certificate_resource.c">
      <Filter>Source Files</Filter>
    </ClCompile>
    <ClCompile Include="src\client_certificate_policy_data.c">
      <Filter>Source Files</Filter>
    </ClCompile>
    <ClCompile Include="src\diagnostics_resource.c">
      <Filter>Source Files</Filter>
    </ClCompile>
    <ClCompile Include="src\event_log_array_data.c">
      <Filter>Source Files</Filter>
    </ClCompile>
    <ClCompile Include="src\event_log_data.c">
      <Filter>Source Files</Filter>
    </ClCompile>
    <ClCompile Include="src\event_log_ldap_query_stat_array_data.c">
      <Filter>Source Files</Filter>
    </ClCompile>
    <ClCompile Include="src\event_log_ldap_query_stat_data.c">
      <Filter>Source Files</Filter>
    </ClCompile>
    <ClCompile Include="src\event_log_metadata_data.c">
      <Filter>Source Files</Filter>
    </ClCompile>
    <ClCompile Include="src\event_log_provider_metadata_data.c">
      <Filter>Source Files</Filter>
    </ClCompile>
    <ClCompile Include="src\event_log_status_data.c">
      <Filter>Source Files</Filter>
    </ClCompile>
    <ClCompile Include="src\external_idp_array_data.c">
      <Filter>Source Files</Filter>
    </ClCompile>
    <ClCompile Include="src\external_idp_data.c">
      <Filter>Source Files</Filter>
    </ClCompile>
    <ClCompile Include="src\external_idp_resource.c">
      <Filter>Source Files</Filter>
    </ClCompile>
    <ClCompile Include="src\group_array_data.c">
      <Filter>Source Files</Filter>
    </ClCompile>
    <ClCompile Include="src\group_data.c">
      <Filter>Source Files</Filter>
    </ClCompile>
    <ClCompile Include="src\group_details_data.c">
      <Filter>Source Files</Filter>
    </ClCompile>
    <ClCompile Include="src\group_resource.c">
      <Filter>Source Files</Filter>
    </ClCompile>
    <ClCompile Include="src\identity_provider_array_data.c">
      <Filter>Source Files</Filter>
    </ClCompile>
    <ClCompile Include="src\identity_provider_data.c">
      <Filter>Source Files</Filter>
    </ClCompile>
    <ClCompile Include="src\identity_provider_resource.c">
      <Filter>Source Files</Filter>
    </ClCompile>
    <ClCompile Include="src\lockout_policy_data.c">
      <Filter>Source Files</Filter>
    </ClCompile>
    <ClCompile Include="src\oidc_client_array_data.c">
      <Filter>Source Files</Filter>
    </ClCompile>
    <ClCompile Include="src\oidc_client_data.c">
      <Filter>Source Files</Filter>
    </ClCompile>
    <ClCompile Include="src\oidc_client_metadata_data.c">
      <Filter>Source Files</Filter>
    </ClCompile>
    <ClCompile Include="src\oidc_client_resource.c">
      <Filter>Source Files</Filter>
    </ClCompile>
    <ClCompile Include="src\password_details_data.c">
      <Filter>Source Files</Filter>
    </ClCompile>
    <ClCompile Include="src\password_policy_data.c">
      <Filter>Source Files</Filter>
    </ClCompile>
    <ClCompile Include="src\password_reset_request_data.c">
      <Filter>Source Files</Filter>
    </ClCompile>
    <ClCompile Include="src\principal_data.c">
      <Filter>Source Files</Filter>
    </ClCompile>
    <ClCompile Include="src\private_key_data.c">
      <Filter>Source Files</Filter>
    </ClCompile>
    <ClCompile Include="src\provider_policy_data.c">
      <Filter>Source Files</Filter>
    </ClCompile>
    <ClCompile Include="src\relying_party_array_data.c">
      <Filter>Source Files</Filter>
    </ClCompile>
    <ClCompile Include="src\relying_party_data.c">
      <Filter>Source Files</Filter>
    </ClCompile>
    <ClCompile Include="src\relying_party_resource.c">
      <Filter>Source Files</Filter>
    </ClCompile>
    <ClCompile Include="src\resource_server_array_data.c">
      <Filter>Source Files</Filter>
    </ClCompile>
    <ClCompile Include="src\resource_server_data.c">
      <Filter>Source Files</Filter>
    </ClCompile>
    <ClCompile Include="src\resource_server_resource.c">
      <Filter>Source Files</Filter>
    </ClCompile>
    <ClCompile Include="src\schema_object_mapping_data.c">
      <Filter>Source Files</Filter>
    </ClCompile>
    <ClCompile Include="src\schema_object_mapping_map_data.c">
      <Filter>Source Files</Filter>
    </ClCompile>
    <ClCompile Include="src\schema_object_mapping_map_entry_data.c">
      <Filter>Source Files</Filter>
    </ClCompile>
    <ClCompile Include="src\search_result_data.c">
      <Filter>Source Files</Filter>
    </ClCompile>
    <ClCompile Include="src\server_details_array_data.c">
      <Filter>Source Files</Filter>
    </ClCompile>
    <ClCompile Include="src\server_details_data.c">
      <Filter>Source Files</Filter>
    </ClCompile>
    <ClCompile Include="src\server_resource.c">
      <Filter>Source Files</Filter>
    </ClCompile>
    <ClCompile Include="src\service_endpoint_array_data.c">
      <Filter>Source Files</Filter>
    </ClCompile>
    <ClCompile Include="src\service_endpoint_data.c">
      <Filter>Source Files</Filter>
    </ClCompile>
    <ClCompile Include="src\signature_algorithm_array_data.c">
      <Filter>Source Files</Filter>
    </ClCompile>
    <ClCompile Include="src\signature_algorithm_data.c">
      <Filter>Source Files</Filter>
    </ClCompile>
    <ClCompile Include="src\solution_user_array_data.c">
      <Filter>Source Files</Filter>
    </ClCompile>
    <ClCompile Include="src\solution_user_data.c">
      <Filter>Source Files</Filter>
    </ClCompile>
    <ClCompile Include="src\solution_user_resource.c">
      <Filter>Source Files</Filter>
    </ClCompile>
    <ClCompile Include="src\string_array_data.c">
      <Filter>Source Files</Filter>
    </ClCompile>
    <ClCompile Include="src\string_map_data.c">
      <Filter>Source Files</Filter>
    </ClCompile>
    <ClCompile Include="src\string_map_entry_data.c">
      <Filter>Source Files</Filter>
    </ClCompile>
    <ClCompile Include="src\tenant_configuration_data.c">
      <Filter>Source Files</Filter>
    </ClCompile>
    <ClCompile Include="src\tenant_credentials_data.c">
      <Filter>Source Files</Filter>
    </ClCompile>
    <ClCompile Include="src\tenant_data.c">
      <Filter>Source Files</Filter>
    </ClCompile>
    <ClCompile Include="src\tenant_resource.c">
      <Filter>Source Files</Filter>
    </ClCompile>
    <ClCompile Include="src\token_claim_group_array_data.c">
      <Filter>Source Files</Filter>
    </ClCompile>
    <ClCompile Include="src\token_claim_group_data.c">
      <Filter>Source Files</Filter>
    </ClCompile>
    <ClCompile Include="src\token_policy_data.c">
      <Filter>Source Files</Filter>
    </ClCompile>
    <ClCompile Include="src\user_array_data.c">
      <Filter>Source Files</Filter>
    </ClCompile>
    <ClCompile Include="src\user_data.c">
      <Filter>Source Files</Filter>
    </ClCompile>
    <ClCompile Include="src\user_details_data.c">
      <Filter>Source Files</Filter>
    </ClCompile>
    <ClCompile Include="src\user_resource.c">
      <Filter>Source Files</Filter>
    </ClCompile>
  </ItemGroup>
  <ItemGroup>
    <ClInclude Include="src\includes.h">
      <Filter>Header Files</Filter>
    </ClInclude>
    <ClInclude Include="src\prototypes.h">
      <Filter>Header Files</Filter>
    </ClInclude>
  </ItemGroup>
</Project>