<?xml version="1.0" encoding="utf-8"?>
<Project ToolsVersion="4.0" xmlns="http://schemas.microsoft.com/developer/msbuild/2003">
  <ItemGroup>
    <Filter Include="Header Files">
      <UniqueIdentifier>075537c8-45c4-4290-8177-c74aefaa5a8e</UniqueIdentifier>
      <Extensions>h;hpp;hxx;hm;inl;inc;xsd</Extensions>
    </Filter>
    <Filter Include="Resource Files">
      <UniqueIdentifier>075537c8-45c4-4290-8177-c74aefaa5a8e</UniqueIdentifier>
      <Extensions>rc;ico;cur;bmp;dlg;rc2;rct;bin;rgs;gif;jpg;jpeg;jpe;resx</Extensions>
    </Filter>
    <Filter Include="Source Files">
      <UniqueIdentifier>075537c8-45c4-4290-8177-c74aefaa5a8e</UniqueIdentifier>
      <Extensions>cpp;c;cc;cxx;def;odl;idl;hpj;bat;asm;asmx</Extensions>
    </Filter>
  </ItemGroup>
  <ItemGroup>
    <ClInclude Include="..\apreq_p.h">
      <Filter>Header Files</Filter>
    </ClInclude>
    <ClInclude Include="..\apreq_s.h">
      <Filter>Header Files</Filter>
    </ClInclude>
    <ClInclude Include="..\asreq_p.h">
      <Filter>Header Files</Filter>
    </ClInclude>
    <ClInclude Include="..\asreq_s.h">
      <Filter>Header Files</Filter>
    </ClInclude>
    <ClInclude Include="..\authenticator_p.h">
      <Filter>Header Files</Filter>
    </ClInclude>
    <ClInclude Include="..\authenticator_s.h">
      <Filter>Header Files</Filter>
    </ClInclude>
    <ClInclude Include="..\checksum_p.h">
      <Filter>Header Files</Filter>
    </ClInclude>
    <ClInclude Include="..\checksum_s.h">
      <Filter>Header Files</Filter>
    </ClInclude>
    <ClInclude Include="..\crypto_p.h">
      <Filter>Header Files</Filter>
    </ClInclude>
    <ClInclude Include="..\crypto_s.h">
      <Filter>Header Files</Filter>
    </ClInclude>
    <ClInclude Include="..\data_p.h">
      <Filter>Header Files</Filter>
    </ClInclude>
    <ClInclude Include="..\data_s.h">
      <Filter>Header Files</Filter>
    </ClInclude>
    <ClInclude Include="..\encdata_p.h">
      <Filter>Header Files</Filter>
    </ClInclude>
    <ClInclude Include="..\encdata_s.h">
      <Filter>Header Files</Filter>
    </ClInclude>
    <ClInclude Include="..\enctypes_p.h">
      <Filter>Header Files</Filter>
    </ClInclude>
    <ClInclude Include="..\enctypes_s.h">
      <Filter>Header Files</Filter>
    </ClInclude>
    <ClInclude Include="..\etypeinfo2_p.h">
      <Filter>Header Files</Filter>
    </ClInclude>
    <ClInclude Include="..\etypeinfo2_s.h">
      <Filter>Header Files</Filter>
    </ClInclude>
    <ClInclude Include="..\externs.h">
      <Filter>Header Files</Filter>
    </ClInclude>
    <ClInclude Include="..\includes.h">
      <Filter>Header Files</Filter>
    </ClInclude>
    <ClInclude Include="..\kdcrep_p.h">
      <Filter>Header Files</Filter>
    </ClInclude>
    <ClInclude Include="..\kdcrep_s.h">
      <Filter>Header Files</Filter>
    </ClInclude>
    <ClInclude Include="..\kdcreq_p.h">
      <Filter>Header Files</Filter>
    </ClInclude>
    <ClInclude Include="..\kdcreq_s.h">
      <Filter>Header Files</Filter>
    </ClInclude>
    <ClInclude Include="..\key_p.h">
      <Filter>Header Files</Filter>
    </ClInclude>
    <ClInclude Include="..\key_s.h">
      <Filter>Header Files</Filter>
    </ClInclude>
    <ClInclude Include="..\keyset_p.h">
      <Filter>Header Files</Filter>
    </ClInclude>
    <ClInclude Include="..\keyset_s.h">
      <Filter>Header Files</Filter>
    </ClInclude>
    <ClInclude Include="..\krberror_p.h">
      <Filter>Header Files</Filter>
    </ClInclude>
    <ClInclude Include="..\krberror_s.h">
      <Filter>Header Files</Filter>
    </ClInclude>
    <ClInclude Include="..\padata_p.h">
      <Filter>Header Files</Filter>
    </ClInclude>
    <ClInclude Include="..\padata_s.h">
      <Filter>Header Files</Filter>
    </ClInclude>
    <ClInclude Include="..\paenctsenc_p.h">
      <Filter>Header Files</Filter>
    </ClInclude>
    <ClInclude Include="..\paenctsenc_s.h">
      <Filter>Header Files</Filter>
    </ClInclude>
    <ClInclude Include="..\principal_p.h">
      <Filter>Header Files</Filter>
    </ClInclude>
    <ClInclude Include="..\principal_s.h">
      <Filter>Header Files</Filter>
    </ClInclude>
    <ClInclude Include="..\prototypes.h">
      <Filter>Header Files</Filter>
    </ClInclude>
    <ClInclude Include="..\structs.h">
      <Filter>Header Files</Filter>
    </ClInclude>
    <ClInclude Include="..\tgsreq_p.h">
      <Filter>Header Files</Filter>
    </ClInclude>
    <ClInclude Include="..\tgsreq_s.h">
      <Filter>Header Files</Filter>
    </ClInclude>
    <ClInclude Include="..\ticket_p.h">
      <Filter>Header Files</Filter>
    </ClInclude>
    <ClInclude Include="..\ticket_s.h">
      <Filter>Header Files</Filter>
    </ClInclude>
    <ClInclude Include="..\types.h">
      <Filter>Header Files</Filter>
    </ClInclude>
  </ItemGroup>
  <ItemGroup>
    <ClCompile Include="..\apreq.c">
      <Filter>Source Files</Filter>
    </ClCompile>
    <ClCompile Include="..\asreq.c">
      <Filter>Source Files</Filter>
    </ClCompile>
    <ClCompile Include="..\authenticator.c">
      <Filter>Source Files</Filter>
    </ClCompile>
    <ClCompile Include="..\checksum.c">
      <Filter>Source Files</Filter>
    </ClCompile>
    <ClCompile Include="..\crypto.c">
      <Filter>Source Files</Filter>
    </ClCompile>
    <ClCompile Include="..\data.c">
      <Filter>Source Files</Filter>
    </ClCompile>
    <ClCompile Include="..\encdata.c">
      <Filter>Source Files</Filter>
    </ClCompile>
    <ClCompile Include="..\enctypes.c">
      <Filter>Source Files</Filter>
    </ClCompile>
    <ClCompile Include="..\etypeinfo2.c">
      <Filter>Source Files</Filter>
    </ClCompile>
    <ClCompile Include="..\kdcrep.c">
      <Filter>Source Files</Filter>
    </ClCompile>
    <ClCompile Include="..\kdcreq.c">
      <Filter>Source Files</Filter>
    </ClCompile>
    <ClCompile Include="..\key.c">
      <Filter>Source Files</Filter>
    </ClCompile>
    <ClCompile Include="..\keyset.c">
      <Filter>Source Files</Filter>
    </ClCompile>
    <ClCompile Include="..\krberror.c">
      <Filter>Source Files</Filter>
    </ClCompile>
    <ClCompile Include="..\padata.c">
      <Filter>Source Files</Filter>
    </ClCompile>
    <ClCompile Include="..\paenctsenc.c">
      <Filter>Source Files</Filter>
    </ClCompile>
    <ClCompile Include="..\principal.c">
      <Filter>Source Files</Filter>
    </ClCompile>
    <ClCompile Include="..\tgsreq.c">
      <Filter>Source Files</Filter>
    </ClCompile>
    <ClCompile Include="..\ticket.c">
      <Filter>Source Files</Filter>
    </ClCompile>
  </ItemGroup>
</Project>