<?xml version="1.0" encoding="utf-8"?>
<Project ToolsVersion="4.0" xmlns="http://schemas.microsoft.com/developer/msbuild/2003">
  <ItemGroup>
    <Filter Include="Source Files">
      <UniqueIdentifier>{4FC737F1-C7A5-4376-A066-2A32D752A2FF}</UniqueIdentifier>
      <Extensions>cpp;c;cc;cxx;def;odl;idl;hpj;bat;asm;asmx</Extensions>
    </Filter>
    <Filter Include="Header Files">
      <UniqueIdentifier>{93995380-89BD-4b04-88EB-625FBE52EBFB}</UniqueIdentifier>
      <Extensions>h;hpp;hxx;hm;inl;inc;xsd</Extensions>
    </Filter>
    <Filter Include="Resource Files">
      <UniqueIdentifier>{67DA6AB6-F800-4c08-8B7A-83BB121AAD01}</UniqueIdentifier>
      <Extensions>rc;ico;cur;bmp;dlg;rc2;rct;bin;rgs;gif;jpg;jpeg;jpe;resx;tiff;tif;png;wav</Extensions>
    </Filter>
  </ItemGroup>
  <ItemGroup>
    <ClCompile Include="..\circularbuffer.c">
      <Filter>Source Files</Filter>
    </ClCompile>
    <ClCompile Include="..\deque.c">
      <Filter>Source Files</Filter>
    </ClCompile>
    <ClCompile Include="..\krbmisc.c">
      <Filter>Source Files</Filter>
    </ClCompile>
    <ClCompile Include="..\krbutil.c">
      <Filter>Source Files</Filter>
    </ClCompile>
    <ClCompile Include="..\ldapbind.c">
      <Filter>Source Files</Filter>
    </ClCompile>
    <ClCompile Include="..\linkedlist.c">
      <Filter>Source Files</Filter>
    </ClCompile>
    <ClCompile Include="..\marshalutil.c">
      <Filter>Source Files</Filter>
    </ClCompile>
    <ClCompile Include="..\memory.c">
      <Filter>Source Files</Filter>
    </ClCompile>
    <ClCompile Include="..\networkutil.c">
      <Filter>Source Files</Filter>
    </ClCompile>
    <ClCompile Include="networkutilwindowsimpl.c">
      <Filter>Source Files</Filter>
    </ClCompile>
    <ClCompile Include="..\opensslclient.c">
      <Filter>Source Files</Filter>
    </ClCompile>
    <ClCompile Include="parseargs.c">
      <Filter>Source Files</Filter>
    </ClCompile>
    <ClCompile Include="..\parsearguments.c">
      <Filter>Source Files</Filter>
    </ClCompile>
    <ClCompile Include="..\rpcmemory.c">
      <Filter>Source Files</Filter>
    </ClCompile>
    <ClCompile Include="..\securityutil.c">
      <Filter>Source Files</Filter>
    </ClCompile>
    <ClCompile Include="securityutilwinimpl.c">
      <Filter>Source Files</Filter>
    </ClCompile>
    <ClCompile Include="string.c">
      <Filter>Source Files</Filter>
    </ClCompile>
    <ClCompile Include="..\stringlist.c">
      <Filter>Source Files</Filter>
    </ClCompile>
    <ClCompile Include="..\superlogutil.c">
      <Filter>Source Files</Filter>
    </ClCompile>
    <ClCompile Include="..\synchronizing.c">
      <Filter>Source Files</Filter>
    </ClCompile>
    <ClCompile Include="..\threads.c">
      <Filter>Source Files</Filter>
    </ClCompile>
    <ClCompile Include="..\tsstack.c">
      <Filter>Source Files</Filter>
    </ClCompile>
    <ClCompile Include="..\util.c">
      <Filter>Source Files</Filter>
    </ClCompile>
    <ClCompile Include="..\replstate\schemareplstate.c">
      <Filter>Source Files</Filter>
    </ClCompile>
    <ClCompile Include="..\schema\compat.c">
      <Filter>Source Files</Filter>
    </ClCompile>
    <ClCompile Include="..\schema\copy.c">
      <Filter>Source Files</Filter>
    </ClCompile>
    <ClCompile Include="..\schema\def.c">
      <Filter>Source Files</Filter>
    </ClCompile>
    <ClCompile Include="..\schema\deflist.c">
      <Filter>Source Files</Filter>
    </ClCompile>
    <ClCompile Include="..\schema\diff.c">
      <Filter>Source Files</Filter>
    </ClCompile>
    <ClCompile Include="..\schema\file.c">
      <Filter>Source Files</Filter>
    </ClCompile>
    <ClCompile Include="..\schema\globals.c">
      <Filter>Source Files</Filter>
    </ClCompile>
    <ClCompile Include="..\schema\load.c">
      <Filter>Source Files</Filter>
    </ClCompile>
    <ClCompile Include="..\schema\merge.c">
      <Filter>Source Files</Filter>
    </ClCompile>
    <ClCompile Include="..\schema\parse.c">
      <Filter>Source Files</Filter>
    </ClCompile>
    <ClCompile Include="..\schema\patch.c">
      <Filter>Source Files</Filter>
    </ClCompile>
    <ClCompile Include="..\schema\resolve.c">
      <Filter>Source Files</Filter>
    </ClCompile>
    <ClCompile Include="..\schema\schema.c">
      <Filter>Source Files</Filter>
    </ClCompile>
    <ClCompile Include="..\schema\verify.c">
      <Filter>Source Files</Filter>
    </ClCompile>
    <ClCompile Include="..\schema\legacy\legacyload.c">
      <Filter>Source Files</Filter>
    </ClCompile>
    <ClCompile Include="..\schema\legacy\legacypatch.c">
      <Filter>Source Files</Filter>
    </ClCompile>
    <ClCompile Include="..\schema\legacy\legacyschema.c">
      <Filter>Source Files</Filter>
    </ClCompile>
    <ClCompile Include="..\schema\legacy\legacyschemamod.c">
      <Filter>Source Files</Filter>
    </ClCompile>
    <ClCompile Include="..\schema\legacy\legacyutil.c">
      <Filter>Source Files</Filter>
    </ClCompile>
  </ItemGroup>
  <ItemGroup>
    <ClInclude Include="..\includes.h">
      <Filter>Header Files</Filter>
    </ClInclude>
    <ClInclude Include="..\prototypes.h">
      <Filter>Header Files</Filter>
    </ClInclude>
    <ClInclude Include="..\structs.h">
      <Filter>Header Files</Filter>
    </ClInclude>
    <ClInclude Include="..\schema\includes.h">
      <Filter>Header Files</Filter>
    </ClInclude>
    <ClInclude Include="..\..\include\vmdircommon.h">
      <Filter>Header Files</Filter>
    </ClInclude>
  </ItemGroup>
</Project>