Microsoft Visual Studio Solution File, Format Version 12.00
# Visual Studio 2013
VisualStudioVersion = 12.0.21005.1
MinimumVisualStudioVersion = 10.0.40219.1
Project("{8BC9CEB8-8B4A-11D0-8D11-00A0C91BC942}") = "libcommon", "common\win\libcommon.vcxproj", "{E32F4260-77B2-11E2-9BE6-000C29B1C8FE}"
EndProject
Project("{8BC9CEB8-8B4A-11D0-8D11-00A0C91BC942}") = "libvmafdclient", "client\win\libvmafdclient.vcxproj", "{E32F43D2-77B2-11E2-9BE6-000C29B1C8FE}"
EndProject
Project("{8BC9CEB8-8B4A-11D0-8D11-00A0C91BC942}") = "vmafdd", "server\vmafd\win\vmafdd.vcxproj", "{E32F481E-77B2-11E2-9BE6-000C29B1C8FE}"
EndProject
Project("{8BC9CEB8-8B4A-11D0-8D11-00A0C91BC942}") = "libvmafcfgwin", "vmafcfg\win\libvmafcfgwin.vcxproj", "{1BC5668B-88A1-4A19-8A63-729AA97DFA83}"
EndProject
Project("{8BC9CEB8-8B4A-11D0-8D11-00A0C91BC942}") = "libvmafcfgapi", "vmafcfg\api\win\vmafcfgapi.vcxproj", "{3708878F-5516-4C69-974C-A54740FB1F2B}"
EndProject
Project("{8BC9CEB8-8B4A-11D0-8D11-00A0C91BC942}") = "vmafd-cli", "tools\cli\win\vmafd-cli.vcxproj", "{68337A72-82D4-11E2-BB11-000C29B1C8FE}"
EndProject
Project("{8BC9CEB8-8B4A-11D0-8D11-00A0C91BC942}") = "libvecsdb", "server\db\win\libdb\libdb.vcxproj", "{DA871AC4-D44F-4ED3-9952-8DA38A580F03}"
EndProject
Project("{8BC9CEB8-8B4A-11D0-8D11-00A0C91BC942}") = "vmafd", "interop\python\win\vmafd.vcxproj", "{764C7068-8FFF-11E2-8754-000C29B1C8FE}"
EndProject
Project("{8BC9CEB8-8B4A-11D0-8D11-00A0C91BC942}") = "vmafd-idl", "idl\win\vmafd-idl.vcxproj", "{4B64280C-9589-11E2-8754-000C29B1C8FE}"
EndProject
Project("{8BC9CEB8-8B4A-11D0-8D11-00A0C91BC942}") = "libvmeventclient", "vmevent\client\win\libvmeventclient.vcxproj", "{28B06F5B-C86E-4230-AB81-271AAB21C724}"
EndProject
Project("{8BC9CEB8-8B4A-11D0-8D11-00A0C91BC942}") = "libvmeventcommon", "vmevent\common\win\libvmeventcommon.vcxproj", "{E3BF28A4-108F-4BA3-9F20-F07A4E0FD648}"
EndProject
Project("{8BC9CEB8-8B4A-11D0-8D11-00A0C91BC942}") = "libvmeventdb", "vmevent\db\win\libvmeventdb.vcxproj", "{571B717C-8383-473D-BC1F-7068981C4160}"
EndProject
Project("{8BC9CEB8-8B4A-11D0-8D11-00A0C91BC942}") = "vmeventd", "vmevent\server\win\vmeventd.vcxproj", "{E19317B6-7FFF-43E9-B7FC-0562F403C3C3}"
EndProject
Project("{8BC9CEB8-8B4A-11D0-8D11-00A0C91BC942}") = "vmevent_test", "vmevent\test\win\vmevent_test.vcxproj", "{A893A925-FD68-40CA-BF27-F22345BB4D0F}"
EndProject
Project("{8BC9CEB8-8B4A-11D0-8D11-00A0C91BC942}") = "vmevent-idl", "vmevent\idl\win\vmevent-idl.vcxproj", "{E32F468E-77B2-11E2-9BE6-000C29B1C8FE}"
EndProject
Project("{8BC9CEB8-8B4A-11D0-8D11-00A0C91BC942}") = "vdcpromo", "tools\vdcpromo\win\vdcpromo.vcxproj", "{135F09DA-BC18-11E2-8754-000C29B1C8FE}"
EndProject
Project("{8BC9CEB8-8B4A-11D0-8D11-00A0C91BC942}") = "vecs-cli", "tools\vecs-cli\win\vecs-cli.vcxproj", "{EBBEEAD4-286E-47CA-8D0B-6DC37E1AB955}"
EndProject
Project("{8BC9CEB8-8B4A-11D0-8D11-00A0C91BC942}") = "dir-cli", "tools\dir-cli\win\dir-cli.vcxproj", "{E2385926-A19C-4B89-83B2-14C3DADA26C0}"
EndProject
Project("{8BC9CEB8-8B4A-11D0-8D11-00A0C91BC942}") = "cdc-cli", "tools\cdc-cli\win\cdc-cli.vcxproj", "{BA01FACC-2AE1-483F-A226-3602BE9C84FF}"
EndProject
Project("{8BC9CEB8-8B4A-11D0-8D11-00A0C91BC942}") = "libvecsjni", "interop\jni\win\libvecsjni.vcxproj", "{999E949A-BFC9-44E4-967F-BB55098B1F81}"
EndProject
Project("{8BC9CEB8-8B4A-11D0-8D11-00A0C91BC942}") = "libcdcjni", "interop\cdcjni\win\libcdcjni.vcxproj", "{4FABF47B-DC46-4150-A729-3CC5A14C5265}"
EndProject
Project("{8BC9CEB8-8B4A-11D0-8D11-00A0C91BC942}") = "libheartbeatjni", "interop\heartbeatjni\win\libheartbeatjni.vcxproj", "{30285B36-434E-4EE1-B222-ECD6FF48A35A}"
EndProject
Project("{8BC9CEB8-8B4A-11D0-8D11-00A0C91BC942}") = "libvmafdlogging", "common\win\liblogging.vcxproj", "{AD097C19-3B2F-4330-8DAD-DEE33C2A334C}"
EndProject
Project("{8BC9CEB8-8B4A-11D0-8D11-00A0C91BC942}") = "version", "version\win\version.vcxproj", "{B95A9F25-FBD9-431E-B517-9394DF869C99}"
EndProject
Project("{8BC9CEB8-8B4A-11D0-8D11-00A0C91BC942}") = "sl-cli", "tools\sl-cli\win\sl-cli.vcxproj", "{79B6343A-5A54-408C-BA07-0F0C2317DA19}"
EndProject
Global
	GlobalSection(SolutionConfigurationPlatforms) = preSolution
		Debug|x64 = Debug|x64
		Release|x64 = Release|x64
	EndGlobalSection
	GlobalSection(ProjectConfigurationPlatforms) = postSolution
		{E32F4260-77B2-11E2-9BE6-000C29B1C8FE}.Debug|x64.ActiveCfg = Debug|x64
		{E32F4260-77B2-11E2-9BE6-000C29B1C8FE}.Debug|x64.Build.0 = Debug|x64
		{E32F4260-77B2-11E2-9BE6-000C29B1C8FE}.Release|x64.ActiveCfg = Release|x64
		{E32F4260-77B2-11E2-9BE6-000C29B1C8FE}.Release|x64.Build.0 = Release|x64
		{E32F43D2-77B2-11E2-9BE6-000C29B1C8FE}.Debug|x64.ActiveCfg = Debug|x64
		{E32F43D2-77B2-11E2-9BE6-000C29B1C8FE}.Debug|x64.Build.0 = Debug|x64
		{E32F43D2-77B2-11E2-9BE6-000C29B1C8FE}.Release|x64.ActiveCfg = Release|x64
		{E32F43D2-77B2-11E2-9BE6-000C29B1C8FE}.Release|x64.Build.0 = Release|x64
		{E32F481E-77B2-11E2-9BE6-000C29B1C8FE}.Debug|x64.ActiveCfg = Debug|x64
		{E32F481E-77B2-11E2-9BE6-000C29B1C8FE}.Debug|x64.Build.0 = Debug|x64
		{E32F481E-77B2-11E2-9BE6-000C29B1C8FE}.Release|x64.ActiveCfg = Release|x64
		{E32F481E-77B2-11E2-9BE6-000C29B1C8FE}.Release|x64.Build.0 = Release|x64
		{1BC5668B-88A1-4A19-8A63-729AA97DFA83}.Debug|x64.ActiveCfg = Debug|x64
		{1BC5668B-88A1-4A19-8A63-729AA97DFA83}.Debug|x64.Build.0 = Debug|x64
		{1BC5668B-88A1-4A19-8A63-729AA97DFA83}.Release|x64.ActiveCfg = Release|x64
		{1BC5668B-88A1-4A19-8A63-729AA97DFA83}.Release|x64.Build.0 = Release|x64
		{3708878F-5516-4C69-974C-A54740FB1F2B}.Debug|x64.ActiveCfg = Debug|x64
		{3708878F-5516-4C69-974C-A54740FB1F2B}.Debug|x64.Build.0 = Debug|x64
		{3708878F-5516-4C69-974C-A54740FB1F2B}.Release|x64.ActiveCfg = Release|x64
		{3708878F-5516-4C69-974C-A54740FB1F2B}.Release|x64.Build.0 = Release|x64
		{68337A72-82D4-11E2-BB11-000C29B1C8FE}.Debug|x64.ActiveCfg = Debug|x64
		{68337A72-82D4-11E2-BB11-000C29B1C8FE}.Debug|x64.Build.0 = Debug|x64
		{68337A72-82D4-11E2-BB11-000C29B1C8FE}.Release|x64.ActiveCfg = Release|x64
		{68337A72-82D4-11E2-BB11-000C29B1C8FE}.Release|x64.Build.0 = Release|x64
		{DA871AC4-D44F-4ED3-9952-8DA38A580F03}.Debug|x64.ActiveCfg = Debug|x64
		{DA871AC4-D44F-4ED3-9952-8DA38A580F03}.Debug|x64.Build.0 = Debug|x64
		{DA871AC4-D44F-4ED3-9952-8DA38A580F03}.Release|x64.ActiveCfg = Release|x64
		{DA871AC4-D44F-4ED3-9952-8DA38A580F03}.Release|x64.Build.0 = Release|x64
		{764C7068-8FFF-11E2-8754-000C29B1C8FE}.Debug|x64.ActiveCfg = Debug|x64
		{764C7068-8FFF-11E2-8754-000C29B1C8FE}.Release|x64.ActiveCfg = Release|x64
		{764C7068-8FFF-11E2-8754-000C29B1C8FE}.Release|x64.Build.0 = Release|x64
		{4B64280C-9589-11E2-8754-000C29B1C8FE}.Debug|x64.ActiveCfg = Debug|x64
		{4B64280C-9589-11E2-8754-000C29B1C8FE}.Debug|x64.Build.0 = Debug|x64
		{4B64280C-9589-11E2-8754-000C29B1C8FE}.Release|x64.ActiveCfg = Release|x64
		{4B64280C-9589-11E2-8754-000C29B1C8FE}.Release|x64.Build.0 = Release|x64
		{28B06F5B-C86E-4230-AB81-271AAB21C724}.Debug|x64.ActiveCfg = Debug|x64
		{28B06F5B-C86E-4230-AB81-271AAB21C724}.Debug|x64.Build.0 = Debug|x64
		{28B06F5B-C86E-4230-AB81-271AAB21C724}.Release|x64.ActiveCfg = Release|x64
		{28B06F5B-C86E-4230-AB81-271AAB21C724}.Release|x64.Build.0 = Release|x64
		{E3BF28A4-108F-4BA3-9F20-F07A4E0FD648}.Debug|x64.ActiveCfg = Debug|x64
		{E3BF28A4-108F-4BA3-9F20-F07A4E0FD648}.Debug|x64.Build.0 = Debug|x64
		{E3BF28A4-108F-4BA3-9F20-F07A4E0FD648}.Release|x64.ActiveCfg = Release|x64
		{E3BF28A4-108F-4BA3-9F20-F07A4E0FD648}.Release|x64.Build.0 = Release|x64
		{571B717C-8383-473D-BC1F-7068981C4160}.Debug|x64.ActiveCfg = Debug|x64
		{571B717C-8383-473D-BC1F-7068981C4160}.Debug|x64.Build.0 = Debug|x64
		{571B717C-8383-473D-BC1F-7068981C4160}.Release|x64.ActiveCfg = Release|x64
		{571B717C-8383-473D-BC1F-7068981C4160}.Release|x64.Build.0 = Release|x64
		{E19317B6-7FFF-43E9-B7FC-0562F403C3C3}.Debug|x64.ActiveCfg = Debug|x64
		{E19317B6-7FFF-43E9-B7FC-0562F403C3C3}.Debug|x64.Build.0 = Debug|x64
		{E19317B6-7FFF-43E9-B7FC-0562F403C3C3}.Release|x64.ActiveCfg = Release|x64
		{E19317B6-7FFF-43E9-B7FC-0562F403C3C3}.Release|x64.Build.0 = Release|x64
		{A893A925-FD68-40CA-BF27-F22345BB4D0F}.Debug|x64.ActiveCfg = Debug|x64
		{A893A925-FD68-40CA-BF27-F22345BB4D0F}.Debug|x64.Build.0 = Debug|x64
		{A893A925-FD68-40CA-BF27-F22345BB4D0F}.Release|x64.ActiveCfg = Release|x64
		{A893A925-FD68-40CA-BF27-F22345BB4D0F}.Release|x64.Build.0 = Release|x64
		{E32F468E-77B2-11E2-9BE6-000C29B1C8FE}.Debug|x64.ActiveCfg = Debug|x64
		{E32F468E-77B2-11E2-9BE6-000C29B1C8FE}.Debug|x64.Build.0 = Debug|x64
		{E32F468E-77B2-11E2-9BE6-000C29B1C8FE}.Release|x64.ActiveCfg = Release|x64
		{E32F468E-77B2-11E2-9BE6-000C29B1C8FE}.Release|x64.Build.0 = Release|x64
		{135F09DA-BC18-11E2-8754-000C29B1C8FE}.Debug|x64.ActiveCfg = Debug|x64
		{135F09DA-BC18-11E2-8754-000C29B1C8FE}.Debug|x64.Build.0 = Debug|x64
		{135F09DA-BC18-11E2-8754-000C29B1C8FE}.Release|x64.ActiveCfg = Release|x64
		{135F09DA-BC18-11E2-8754-000C29B1C8FE}.Release|x64.Build.0 = Release|x64
		{EBBEEAD4-286E-47CA-8D0B-6DC37E1AB955}.Debug|x64.ActiveCfg = Debug|x64
		{EBBEEAD4-286E-47CA-8D0B-6DC37E1AB955}.Debug|x64.Build.0 = Debug|x64
		{EBBEEAD4-286E-47CA-8D0B-6DC37E1AB955}.Release|x64.ActiveCfg = Release|x64
		{EBBEEAD4-286E-47CA-8D0B-6DC37E1AB955}.Release|x64.Build.0 = Release|x64
		{E2385926-A19C-4B89-83B2-14C3DADA26C0}.Debug|x64.ActiveCfg = Debug|x64
		{E2385926-A19C-4B89-83B2-14C3DADA26C0}.Debug|x64.Build.0 = Debug|x64
		{E2385926-A19C-4B89-83B2-14C3DADA26C0}.Release|x64.ActiveCfg = Release|x64
		{E2385926-A19C-4B89-83B2-14C3DADA26C0}.Release|x64.Build.0 = Release|x64
		{BA01FACC-2AE1-483F-A226-3602BE9C84FF}.Debug|x64.ActiveCfg = Debug|x64
		{BA01FACC-2AE1-483F-A226-3602BE9C84FF}.Debug|x64.Build.0 = Debug|x64
		{BA01FACC-2AE1-483F-A226-3602BE9C84FF}.Release|x64.ActiveCfg = Release|x64
		{BA01FACC-2AE1-483F-A226-3602BE9C84FF}.Release|x64.Build.0 = Release|x64
		{999E949A-BFC9-44E4-967F-BB55098B1F81}.Debug|x64.ActiveCfg = Debug|x64
		{999E949A-BFC9-44E4-967F-BB55098B1F81}.Debug|x64.Build.0 = Debug|x64
		{999E949A-BFC9-44E4-967F-BB55098B1F81}.Release|x64.ActiveCfg = Release|x64
		{999E949A-BFC9-44E4-967F-BB55098B1F81}.Release|x64.Build.0 = Release|x64
		{4FABF47B-DC46-4150-A729-3CC5A14C5265}.Debug|x64.ActiveCfg = Debug|x64
		{4FABF47B-DC46-4150-A729-3CC5A14C5265}.Debug|x64.Build.0 = Debug|x64
		{4FABF47B-DC46-4150-A729-3CC5A14C5265}.Release|x64.ActiveCfg = Release|x64
		{4FABF47B-DC46-4150-A729-3CC5A14C5265}.Release|x64.Build.0 = Release|x64
		{30285B36-434E-4EE1-B222-ECD6FF48A35A}.Debug|x64.ActiveCfg = Debug|x64
		{30285B36-434E-4EE1-B222-ECD6FF48A35A}.Debug|x64.Build.0 = Debug|x64
		{30285B36-434E-4EE1-B222-ECD6FF48A35A}.Release|x64.ActiveCfg = Release|x64
		{30285B36-434E-4EE1-B222-ECD6FF48A35A}.Release|x64.Build.0 = Release|x64
		{AD097C19-3B2F-4330-8DAD-DEE33C2A334C}.Debug|x64.ActiveCfg = Debug|x64
		{AD097C19-3B2F-4330-8DAD-DEE33C2A334C}.Debug|x64.Build.0 = Debug|x64
		{AD097C19-3B2F-4330-8DAD-DEE33C2A334C}.Release|x64.ActiveCfg = Release|x64
		{AD097C19-3B2F-4330-8DAD-DEE33C2A334C}.Release|x64.Build.0 = Release|x64
		{B95A9F25-FBD9-431E-B517-9394DF869C99}.Debug|x64.ActiveCfg = Debug|x64
		{B95A9F25-FBD9-431E-B517-9394DF869C99}.Debug|x64.Build.0 = Debug|x64
		{B95A9F25-FBD9-431E-B517-9394DF869C99}.Release|x64.ActiveCfg = Release|x64
		{B95A9F25-FBD9-431E-B517-9394DF869C99}.Release|x64.Build.0 = Release|x64
		{79B6343A-5A54-408C-BA07-0F0C2317DA19}.Debug|x64.ActiveCfg = Debug|x64
		{79B6343A-5A54-408C-BA07-0F0C2317DA19}.Debug|x64.Build.0 = Debug|x64
		{79B6343A-5A54-408C-BA07-0F0C2317DA19}.Release|x64.ActiveCfg = Release|x64
		{79B6343A-5A54-408C-BA07-0F0C2317DA19}.Release|x64.Build.0 = Release|x64
	EndGlobalSection
	GlobalSection(SolutionProperties) = preSolution
		HideSolutionNode = FALSE
	EndGlobalSection
EndGlobal
