Microsoft Visual Studio Solution File, Format Version 12.00
# Visual Studio 2013
VisualStudioVersion = 12.0.21005.1
MinimumVisualStudioVersion = 10.0.40219.1
Project("{FAE04EC0-301F-11D3-BF4B-00C04F79EFBC}") = "VMDirSchemaSnapIn", "VMDirSchemaSnapIn\VMDirSchemaSnapIn.csproj", "{96371C7C-3E8F-42B3-AEA4-317A2D64E62F}"
EndProject
Project("{FAE04EC0-301F-11D3-BF4B-00C04F79EFBC}") = "VMwareMMCIDP.UI.Common", "..\VMwareMMCIDP.UI.Common\VMwareMMCIDP.UI.Common.csproj", "{474831AB-37DE-415C-B944-37E2D10D1E85}"
EndProject
Project("{FAE04EC0-301F-11D3-BF4B-00C04F79EFBC}") = "VMIdentity.CommonUtils", "..\..\common\VMIdentity.CommonUtils\VMIdentity.CommonUtils.csproj", "{CD959E2E-5B9C-4329-B085-352844CFDCDD}"
EndProject
Project("{FAE04EC0-301F-11D3-BF4B-00C04F79EFBC}") = "VMDir.Common", "..\..\common\VMDir.Common\VMDir.Common.csproj", "{76109B16-B0AE-47EB-8545-EB135EB92E2A}"
EndProject
Global
	GlobalSection(SolutionConfigurationPlatforms) = preSolution
		Debug|Any CPU = Debug|Any CPU
		Debug|x64 = Debug|x64
		Release|Any CPU = Release|Any CPU
		Release|x64 = Release|x64
	EndGlobalSection
	GlobalSection(ProjectConfigurationPlatforms) = postSolution
		{96371C7C-3E8F-42B3-AEA4-317A2D64E62F}.Debug|Any CPU.ActiveCfg = Debug|Any CPU
		{96371C7C-3E8F-42B3-AEA4-317A2D64E62F}.Debug|Any CPU.Build.0 = Debug|Any CPU
		{96371C7C-3E8F-42B3-AEA4-317A2D64E62F}.Debug|x64.ActiveCfg = Debug|Any CPU
		{96371C7C-3E8F-42B3-AEA4-317A2D64E62F}.Release|Any CPU.ActiveCfg = Release|Any CPU
		{96371C7C-3E8F-42B3-AEA4-317A2D64E62F}.Release|Any CPU.Build.0 = Release|Any CPU
		{96371C7C-3E8F-42B3-AEA4-317A2D64E62F}.Release|x64.ActiveCfg = Release|Any CPU
		{474831AB-37DE-415C-B944-37E2D10D1E85}.Debug|Any CPU.ActiveCfg = Debug|Any CPU
		{474831AB-37DE-415C-B944-37E2D10D1E85}.Debug|Any CPU.Build.0 = Debug|Any CPU
		{474831AB-37DE-415C-B944-37E2D10D1E85}.Debug|x64.ActiveCfg = Debug|Any CPU
		{474831AB-37DE-415C-B944-37E2D10D1E85}.Release|Any CPU.ActiveCfg = Release|Any CPU
		{474831AB-37DE-415C-B944-37E2D10D1E85}.Release|Any CPU.Build.0 = Release|Any CPU
		{474831AB-37DE-415C-B944-37E2D10D1E85}.Release|x64.ActiveCfg = Release|Any CPU
		{CD959E2E-5B9C-4329-B085-352844CFDCDD}.Debug|Any CPU.ActiveCfg = Debug|Any CPU
		{CD959E2E-5B9C-4329-B085-352844CFDCDD}.Debug|Any CPU.Build.0 = Debug|Any CPU
		{CD959E2E-5B9C-4329-B085-352844CFDCDD}.Debug|x64.ActiveCfg = Debug|x64
		{CD959E2E-5B9C-4329-B085-352844CFDCDD}.Debug|x64.Build.0 = Debug|x64
		{CD959E2E-5B9C-4329-B085-352844CFDCDD}.Release|Any CPU.ActiveCfg = Release|Any CPU
		{CD959E2E-5B9C-4329-B085-352844CFDCDD}.Release|Any CPU.Build.0 = Release|Any CPU
		{CD959E2E-5B9C-4329-B085-352844CFDCDD}.Release|x64.ActiveCfg = Release|x64
		{CD959E2E-5B9C-4329-B085-352844CFDCDD}.Release|x64.Build.0 = Release|x64
		{76109B16-B0AE-47EB-8545-EB135EB92E2A}.Debug|Any CPU.ActiveCfg = Debug|Any CPU
		{76109B16-B0AE-47EB-8545-EB135EB92E2A}.Debug|Any CPU.Build.0 = Debug|Any CPU
		{76109B16-B0AE-47EB-8545-EB135EB92E2A}.Debug|x64.ActiveCfg = Debug|Any CPU
		{76109B16-B0AE-47EB-8545-EB135EB92E2A}.Release|Any CPU.ActiveCfg = Release|Any CPU
		{76109B16-B0AE-47EB-8545-EB135EB92E2A}.Release|Any CPU.Build.0 = Release|Any CPU
		{76109B16-B0AE-47EB-8545-EB135EB92E2A}.Release|x64.ActiveCfg = Release|Any CPU
	EndGlobalSection
	GlobalSection(SolutionProperties) = preSolution
		HideSolutionNode = FALSE
	EndGlobalSection
EndGlobal
